
Microsoft Visual Studio Solution File, Format Version 12.00
# Visual Studio Version 16
VisualStudioVersion = 16.0.31515.178
MinimumVisualStudioVersion = 10.0.40219.1
Project("{9A19103F-16F7-4668-BE54-9A1E7A4F7556}") = "grpc4InRowService", "grpc4InRowService\grpc4InRowService.csproj", "{AEDA1D5F-F358-43C8-8AF0-0B80DF16A676}"
EndProject
Project("{FAE04EC0-301F-11D3-BF4B-00C04F79EFBC}") = "connectFour", "connectFour\connectFour.csproj", "{2704555F-FC61-44E3-8B62-F5A77FDBE226}"
EndProject
Global
	GlobalSection(SolutionConfigurationPlatforms) = preSolution
		Debug|Any CPU = Debug|Any CPU
		Release|Any CPU = Release|Any CPU
	EndGlobalSection
	GlobalSection(ProjectConfigurationPlatforms) = postSolution
		{AEDA1D5F-F358-43C8-8AF0-0B80DF16A676}.Debug|Any CPU.ActiveCfg = Debug|Any CPU
		{AEDA1D5F-F358-43C8-8AF0-0B80DF16A676}.Debug|Any CPU.Build.0 = Debug|Any CPU
		{AEDA1D5F-F358-43C8-8AF0-0B80DF16A676}.Release|Any CPU.ActiveCfg = Release|Any CPU
		{AEDA1D5F-F358-43C8-8AF0-0B80DF16A676}.Release|Any CPU.Build.0 = Release|Any CPU
		{2704555F-FC61-44E3-8B62-F5A77FDBE226}.Debug|Any CPU.ActiveCfg = Debug|Any CPU
		{2704555F-FC61-44E3-8B62-F5A77FDBE226}.Debug|Any CPU.Build.0 = Debug|Any CPU
		{2704555F-FC61-44E3-8B62-F5A77FDBE226}.Release|Any CPU.ActiveCfg = Release|Any CPU
		{2704555F-FC61-44E3-8B62-F5A77FDBE226}.Release|Any CPU.Build.0 = Release|Any CPU
	EndGlobalSection
	GlobalSection(SolutionProperties) = preSolution
		HideSolutionNode = FALSE
	EndGlobalSection
	GlobalSection(ExtensibilityGlobals) = postSolution
		SolutionGuid = {4F96E09B-4D56-4EF2-8021-BD8C6D20223D}
	EndGlobalSection
EndGlobal
